
Microsoft Visual Studio Solution File, Format Version 12.00
# Visual Studio Version 16
VisualStudioVersion = 16.0.34114.132
MinimumVisualStudioVersion = 10.0.40219.1
Project("{FAE04EC0-301F-11D3-BF4B-00C04F79EFBC}") = "MovieBlogWebsite", "MovieBlogWebsite\MovieBlogWebsite.csproj", "{CDB054E5-A8EC-4175-878E-5C94F167031A}"
EndProject
Global
	GlobalSection(SolutionConfigurationPlatforms) = preSolution
		Debug|Any CPU = Debug|Any CPU
		Release|Any CPU = Release|Any CPU
	EndGlobalSection
	GlobalSection(ProjectConfigurationPlatforms) = postSolution
		{CDB054E5-A8EC-4175-878E-5C94F167031A}.Debug|Any CPU.ActiveCfg = Debug|Any CPU
		{CDB054E5-A8EC-4175-878E-5C94F167031A}.Debug|Any CPU.Build.0 = Debug|Any CPU
		{CDB054E5-A8EC-4175-878E-5C94F167031A}.Release|Any CPU.ActiveCfg = Release|Any CPU
		{CDB054E5-A8EC-4175-878E-5C94F167031A}.Release|Any CPU.Build.0 = Release|Any CPU
	EndGlobalSection
	GlobalSection(SolutionProperties) = preSolution
		HideSolutionNode = FALSE
	EndGlobalSection
	GlobalSection(ExtensibilityGlobals) = postSolution
		SolutionGuid = {F0CC0448-A459-42FD-A72B-314B6C5A154F}
	EndGlobalSection
EndGlobal
